
Microsoft Visual Studio Solution File, Format Version 12.00
# Visual Studio Version 17
VisualStudioVersion = 17.1.32421.90
MinimumVisualStudioVersion = 10.0.40219.1
Project("{9A19103F-16F7-4668-BE54-9A1E7A4F7556}") = "AdHocSensors.Domain", "AdHocSensors.Domain\AdHocSensors.Domain.csproj", "{8A49A035-519A-4EC9-BAA8-C139E4DEE3A0}"
EndProject
Project("{9A19103F-16F7-4668-BE54-9A1E7A4F7556}") = "AdHocSensors.Application", "AdHocSensors.Common\AdHocSensors.Application.csproj", "{F3185AA5-C571-4BEE-BD1A-DCA39DF8F352}"
EndProject
Project("{2150E333-8FDC-42A3-9474-1A3956D46DE8}") = "Tests", "Tests", "{76AE1099-4F3B-419D-A007-05236C6351EC}"
EndProject
Project("{9A19103F-16F7-4668-BE54-9A1E7A4F7556}") = "AdHocSensors.DomainTests", "AdHocSensors.DomainTests\AdHocSensors.DomainTests.csproj", "{8FAD043C-E431-4A7D-A083-7924BAD2BA7F}"
EndProject
Project("{9A19103F-16F7-4668-BE54-9A1E7A4F7556}") = "AdHocSensors.CommonTests", "AdHocSensors.CommonTests\AdHocSensors.CommonTests.csproj", "{16DF6B9B-3BAB-41F4-B0F8-3134613E7E6F}"
EndProject
Project("{9A19103F-16F7-4668-BE54-9A1E7A4F7556}") = "TestResourceManager", "TestResourceManager\TestResourceManager.csproj", "{FD784B21-E14B-491E-B706-F022E0C5BE5F}"
EndProject
Project("{9A19103F-16F7-4668-BE54-9A1E7A4F7556}") = "AdHocSensors.WpfApp", "AdHocSensors.WpfApp\AdHocSensors.WpfApp.csproj", "{4C0E1535-A363-41C8-8F0E-C2D0EF60A3FB}"
EndProject
Project("{FAE04EC0-301F-11D3-BF4B-00C04F79EFBC}") = "AdHocSensors.Infrastucture", "AdHocSensors.Infrastucture\AdHocSensors.Infrastucture.csproj", "{1B2CF36F-6CF7-4D33-AEA2-43CFC6F63F76}"
EndProject
Project("{FAE04EC0-301F-11D3-BF4B-00C04F79EFBC}") = "AdHocSensors.WpfAppTests", "AdHocSensors.WpfAppTests\AdHocSensors.WpfAppTests.csproj", "{D85D9BF1-3577-4284-8DC0-35DE40FF3E01}"
EndProject
Global
	GlobalSection(SolutionConfigurationPlatforms) = preSolution
		Debug|Any CPU = Debug|Any CPU
		Release|Any CPU = Release|Any CPU
	EndGlobalSection
	GlobalSection(ProjectConfigurationPlatforms) = postSolution
		{8A49A035-519A-4EC9-BAA8-C139E4DEE3A0}.Debug|Any CPU.ActiveCfg = Debug|Any CPU
		{8A49A035-519A-4EC9-BAA8-C139E4DEE3A0}.Debug|Any CPU.Build.0 = Debug|Any CPU
		{8A49A035-519A-4EC9-BAA8-C139E4DEE3A0}.Release|Any CPU.ActiveCfg = Release|Any CPU
		{8A49A035-519A-4EC9-BAA8-C139E4DEE3A0}.Release|Any CPU.Build.0 = Release|Any CPU
		{F3185AA5-C571-4BEE-BD1A-DCA39DF8F352}.Debug|Any CPU.ActiveCfg = Debug|Any CPU
		{F3185AA5-C571-4BEE-BD1A-DCA39DF8F352}.Debug|Any CPU.Build.0 = Debug|Any CPU
		{F3185AA5-C571-4BEE-BD1A-DCA39DF8F352}.Release|Any CPU.ActiveCfg = Release|Any CPU
		{F3185AA5-C571-4BEE-BD1A-DCA39DF8F352}.Release|Any CPU.Build.0 = Release|Any CPU
		{8FAD043C-E431-4A7D-A083-7924BAD2BA7F}.Debug|Any CPU.ActiveCfg = Debug|Any CPU
		{8FAD043C-E431-4A7D-A083-7924BAD2BA7F}.Debug|Any CPU.Build.0 = Debug|Any CPU
		{8FAD043C-E431-4A7D-A083-7924BAD2BA7F}.Release|Any CPU.ActiveCfg = Release|Any CPU
		{8FAD043C-E431-4A7D-A083-7924BAD2BA7F}.Release|Any CPU.Build.0 = Release|Any CPU
		{16DF6B9B-3BAB-41F4-B0F8-3134613E7E6F}.Debug|Any CPU.ActiveCfg = Debug|Any CPU
		{16DF6B9B-3BAB-41F4-B0F8-3134613E7E6F}.Debug|Any CPU.Build.0 = Debug|Any CPU
		{16DF6B9B-3BAB-41F4-B0F8-3134613E7E6F}.Release|Any CPU.ActiveCfg = Release|Any CPU
		{16DF6B9B-3BAB-41F4-B0F8-3134613E7E6F}.Release|Any CPU.Build.0 = Release|Any CPU
		{FD784B21-E14B-491E-B706-F022E0C5BE5F}.Debug|Any CPU.ActiveCfg = Debug|Any CPU
		{FD784B21-E14B-491E-B706-F022E0C5BE5F}.Debug|Any CPU.Build.0 = Debug|Any CPU
		{FD784B21-E14B-491E-B706-F022E0C5BE5F}.Release|Any CPU.ActiveCfg = Release|Any CPU
		{FD784B21-E14B-491E-B706-F022E0C5BE5F}.Release|Any CPU.Build.0 = Release|Any CPU
		{4C0E1535-A363-41C8-8F0E-C2D0EF60A3FB}.Debug|Any CPU.ActiveCfg = Debug|Any CPU
		{4C0E1535-A363-41C8-8F0E-C2D0EF60A3FB}.Debug|Any CPU.Build.0 = Debug|Any CPU
		{4C0E1535-A363-41C8-8F0E-C2D0EF60A3FB}.Release|Any CPU.ActiveCfg = Release|Any CPU
		{4C0E1535-A363-41C8-8F0E-C2D0EF60A3FB}.Release|Any CPU.Build.0 = Release|Any CPU
		{1B2CF36F-6CF7-4D33-AEA2-43CFC6F63F76}.Debug|Any CPU.ActiveCfg = Debug|Any CPU
		{1B2CF36F-6CF7-4D33-AEA2-43CFC6F63F76}.Debug|Any CPU.Build.0 = Debug|Any CPU
		{1B2CF36F-6CF7-4D33-AEA2-43CFC6F63F76}.Release|Any CPU.ActiveCfg = Release|Any CPU
		{1B2CF36F-6CF7-4D33-AEA2-43CFC6F63F76}.Release|Any CPU.Build.0 = Release|Any CPU
		{D85D9BF1-3577-4284-8DC0-35DE40FF3E01}.Debug|Any CPU.ActiveCfg = Debug|Any CPU
		{D85D9BF1-3577-4284-8DC0-35DE40FF3E01}.Debug|Any CPU.Build.0 = Debug|Any CPU
		{D85D9BF1-3577-4284-8DC0-35DE40FF3E01}.Release|Any CPU.ActiveCfg = Release|Any CPU
		{D85D9BF1-3577-4284-8DC0-35DE40FF3E01}.Release|Any CPU.Build.0 = Release|Any CPU
	EndGlobalSection
	GlobalSection(SolutionProperties) = preSolution
		HideSolutionNode = FALSE
	EndGlobalSection
	GlobalSection(NestedProjects) = preSolution
		{8FAD043C-E431-4A7D-A083-7924BAD2BA7F} = {76AE1099-4F3B-419D-A007-05236C6351EC}
		{16DF6B9B-3BAB-41F4-B0F8-3134613E7E6F} = {76AE1099-4F3B-419D-A007-05236C6351EC}
		{FD784B21-E14B-491E-B706-F022E0C5BE5F} = {76AE1099-4F3B-419D-A007-05236C6351EC}
		{D85D9BF1-3577-4284-8DC0-35DE40FF3E01} = {76AE1099-4F3B-419D-A007-05236C6351EC}
	EndGlobalSection
	GlobalSection(ExtensibilityGlobals) = postSolution
		SolutionGuid = {714AB45B-058D-4749-8460-C8B51C916555}
	EndGlobalSection
EndGlobal
