
Microsoft Visual Studio Solution File, Format Version 12.00
# Visual Studio Version 17
VisualStudioVersion = 17.1.32421.90
MinimumVisualStudioVersion = 10.0.40219.1
Project("{9A19103F-16F7-4668-BE54-9A1E7A4F7556}") = "AdHocSensors.Domain", "AdHocSensors.Domain\AdHocSensors.Domain.csproj", "{8A49A035-519A-4EC9-BAA8-C139E4DEE3A0}"
EndProject
Project("{9A19103F-16F7-4668-BE54-9A1E7A4F7556}") = "AdHocSensors.Common", "AdHocSensors.Common\AdHocSensors.Common.csproj", "{F3185AA5-C571-4BEE-BD1A-DCA39DF8F352}"
EndProject
Global
	GlobalSection(SolutionConfigurationPlatforms) = preSolution
		Debug|Any CPU = Debug|Any CPU
		Release|Any CPU = Release|Any CPU
	EndGlobalSection
	GlobalSection(ProjectConfigurationPlatforms) = postSolution
		{8A49A035-519A-4EC9-BAA8-C139E4DEE3A0}.Debug|Any CPU.ActiveCfg = Debug|Any CPU
		{8A49A035-519A-4EC9-BAA8-C139E4DEE3A0}.Debug|Any CPU.Build.0 = Debug|Any CPU
		{8A49A035-519A-4EC9-BAA8-C139E4DEE3A0}.Release|Any CPU.ActiveCfg = Release|Any CPU
		{8A49A035-519A-4EC9-BAA8-C139E4DEE3A0}.Release|Any CPU.Build.0 = Release|Any CPU
		{F3185AA5-C571-4BEE-BD1A-DCA39DF8F352}.Debug|Any CPU.ActiveCfg = Debug|Any CPU
		{F3185AA5-C571-4BEE-BD1A-DCA39DF8F352}.Debug|Any CPU.Build.0 = Debug|Any CPU
		{F3185AA5-C571-4BEE-BD1A-DCA39DF8F352}.Release|Any CPU.ActiveCfg = Release|Any CPU
		{F3185AA5-C571-4BEE-BD1A-DCA39DF8F352}.Release|Any CPU.Build.0 = Release|Any CPU
	EndGlobalSection
	GlobalSection(SolutionProperties) = preSolution
		HideSolutionNode = FALSE
	EndGlobalSection
	GlobalSection(ExtensibilityGlobals) = postSolution
		SolutionGuid = {714AB45B-058D-4749-8460-C8B51C916555}
	EndGlobalSection
EndGlobal
